
Microsoft Visual Studio Solution File, Format Version 12.00
# Visual Studio Version 16
VisualStudioVersion = 16.0.29728.190
MinimumVisualStudioVersion = 10.0.40219.1
Project("{FAE04EC0-301F-11D3-BF4B-00C04F79EFBC}") = "Modul_1_Epam_DirectoryFiles", "DirectoryFiles\Modul_1_Epam_DirectoryFiles.csproj", "{92FFE986-DCC6-405E-AF68-BD7542A5E8AE}"
EndProject
Project("{FAE04EC0-301F-11D3-BF4B-00C04F79EFBC}") = "Modul_1_Epam_DirectoryFiles.Tests", "Modul\Modul_1_Epam_DirectoryFiles.Tests.csproj", "{011E6B0D-8A6E-4A8F-A7E6-6301E22A5D96}"
EndProject
Global
	GlobalSection(SolutionConfigurationPlatforms) = preSolution
		Debug|Any CPU = Debug|Any CPU
		Release|Any CPU = Release|Any CPU
	EndGlobalSection
	GlobalSection(ProjectConfigurationPlatforms) = postSolution
		{92FFE986-DCC6-405E-AF68-BD7542A5E8AE}.Debug|Any CPU.ActiveCfg = Debug|Any CPU
		{92FFE986-DCC6-405E-AF68-BD7542A5E8AE}.Debug|Any CPU.Build.0 = Debug|Any CPU
		{92FFE986-DCC6-405E-AF68-BD7542A5E8AE}.Release|Any CPU.ActiveCfg = Release|Any CPU
		{92FFE986-DCC6-405E-AF68-BD7542A5E8AE}.Release|Any CPU.Build.0 = Release|Any CPU
		{011E6B0D-8A6E-4A8F-A7E6-6301E22A5D96}.Debug|Any CPU.ActiveCfg = Debug|Any CPU
		{011E6B0D-8A6E-4A8F-A7E6-6301E22A5D96}.Debug|Any CPU.Build.0 = Debug|Any CPU
		{011E6B0D-8A6E-4A8F-A7E6-6301E22A5D96}.Release|Any CPU.ActiveCfg = Release|Any CPU
		{011E6B0D-8A6E-4A8F-A7E6-6301E22A5D96}.Release|Any CPU.Build.0 = Release|Any CPU
	EndGlobalSection
	GlobalSection(SolutionProperties) = preSolution
		HideSolutionNode = FALSE
	EndGlobalSection
	GlobalSection(ExtensibilityGlobals) = postSolution
		SolutionGuid = {64D0BDFD-BA94-4597-9C24-4D987F09FCCA}
	EndGlobalSection
EndGlobal
